{
  "version": 4,
  "terraform_version": "1.10.3",
  "serial": 206,
  "lineage": "5804c424-672d-08d5-70fc-35f7618e34dc",
  "outputs": {
    "backend_url": {
      "value": "https://rockstart-cloudrun-backend-nttw74lvlq-uc.a.run.app",
      "type": "string"
    }
  },
  "resources": [
    {
      "mode": "managed",
      "type": "google_api_gateway_api",
      "name": "api",
      "provider": "provider[\"registry.terraform.io/hashicorp/google-beta\"]",
      "instances": [
        {
          "schema_version": 0,
          "attributes": {
            "api_id": "backend-api",
            "create_time": "2025-01-29T13:45:57.548638570Z",
            "display_name": "Backend API",
            "effective_labels": {
              "goog-terraform-provisioned": "true"
            },
            "id": "projects/rockstart-449313/locations/global/apis/backend-api",
            "labels": null,
            "managed_service": "backend-api-2qstozabpdjdy.apigateway.rockstart-449313.cloud.goog",
            "name": "projects/rockstart-449313/locations/global/apis/backend-api",
            "project": "rockstart-449313",
            "terraform_labels": {
              "goog-terraform-provisioned": "true"
            },
            "timeouts": null
          },
          "sensitive_attributes": [],
          "private": "eyJlMmJmYjczMC1lY2FhLTExZTYtOGY4OC0zNDM2M2JjN2M0YzAiOnsiY3JlYXRlIjoxMjAwMDAwMDAwMDAwLCJkZWxldGUiOjEyMDAwMDAwMDAwMDAsInVwZGF0ZSI6MTIwMDAwMDAwMDAwMH19",
          "dependencies": [
            "google_project_service.api_gateway_api"
          ]
        }
      ]
    },
    {
      "mode": "managed",
      "type": "google_api_gateway_api_config",
      "name": "config",
      "provider": "provider[\"registry.terraform.io/hashicorp/google-beta\"]",
      "instances": [
        {
          "schema_version": 0,
          "attributes": {
            "api": "backend-api",
            "api_config_id": "backend-api-config",
            "api_config_id_prefix": null,
            "display_name": "backend-api-config",
            "effective_labels": {
              "goog-terraform-provisioned": "true"
            },
            "gateway_config": [],
            "grpc_services": [],
            "id": "projects/rockstart-449313/locations/global/apis/backend-api/configs/backend-api-config",
            "labels": null,
            "managed_service_configs": [],
            "name": "projects/628776897840/locations/global/apis/backend-api/configs/backend-api-config",
            "openapi_documents": [
              {
                "document": [
                  {
                    "contents": "c3dhZ2dlcjogIjIuMCIKaW5mbzoKICB0aXRsZTogZ29vZ2xlL2FwaS9odHRwLnByb3RvCiAgdmVyc2lvbjogdmVyc2lvbiBub3Qgc2V0CnRhZ3M6CiAgLSBuYW1lOiBBcnRpc3RTZXJ2aWNlCiAgLSBuYW1lOiBJbnN0cnVtZW50U2VydmljZQogIC0gbmFtZTogUGluZ1NlcnZpY2UKY29uc3VtZXM6CiAgLSBhcHBsaWNhdGlvbi9qc29uCnByb2R1Y2VzOgogIC0gYXBwbGljYXRpb24vanNvbgpwYXRoczoKICAvYXBpL3YxL2luc3RydW1lbnRzOgogICAgcG9zdDoKICAgICAgb3BlcmF0aW9uSWQ6IEluc3RydW1lbnRTZXJ2aWNlX0dldEluc3RydW1lbnRzCiAgICAgIHJlc3BvbnNlczoKICAgICAgICAiMjAwIjoKICAgICAgICAgIGRlc2NyaXB0aW9uOiBBIHN1Y2Nlc3NmdWwgcmVzcG9uc2UuCiAgICAgICAgICBzY2hlbWE6CiAgICAgICAgICAgICRyZWY6ICcjL2RlZmluaXRpb25zL2luc3RydW1lbnRHZXRJbnN0cnVtZW50c1Jlc3BvbnNlJwogICAgICAgIGRlZmF1bHQ6CiAgICAgICAgICBkZXNjcmlwdGlvbjogQW4gdW5leHBlY3RlZCBlcnJvciByZXNwb25zZS4KICAgICAgICAgIHNjaGVtYToKICAgICAgICAgICAgJHJlZjogJyMvZGVmaW5pdGlvbnMvcnBjU3RhdHVzJwogICAgICBwYXJhbWV0ZXJzOgogICAgICAgIC0gbmFtZTogYm9keQogICAgICAgICAgaW46IGJvZHkKICAgICAgICAgIHJlcXVpcmVkOiB0cnVlCiAgICAgICAgICBzY2hlbWE6CiAgICAgICAgICAgICRyZWY6ICcjL2RlZmluaXRpb25zL2luc3RydW1lbnRHZXRJbnN0cnVtZW50c1JlcXVlc3QnCiAgICAgIHRhZ3M6CiAgICAgICAgLSBJbnN0cnVtZW50U2VydmljZQogIC9hcGkvdjEvcGluZzoKICAgIGdldDoKICAgICAgb3BlcmF0aW9uSWQ6IFBpbmdTZXJ2aWNlX1BpbmcKICAgICAgcmVzcG9uc2VzOgogICAgICAgICIyMDAiOgogICAgICAgICAgZGVzY3JpcHRpb246IEEgc3VjY2Vzc2Z1bCByZXNwb25zZS4KICAgICAgICAgIHNjaGVtYToKICAgICAgICAgICAgJHJlZjogJyMvZGVmaW5pdGlvbnMvcGluZ1BpbmdSZXNwb25zZScKICAgICAgICBkZWZhdWx0OgogICAgICAgICAgZGVzY3JpcHRpb246IEFuIHVuZXhwZWN0ZWQgZXJyb3IgcmVzcG9uc2UuCiAgICAgICAgICBzY2hlbWE6CiAgICAgICAgICAgICRyZWY6ICcjL2RlZmluaXRpb25zL3JwY1N0YXR1cycKICAgICAgcGFyYW1ldGVyczoKICAgICAgICAtIG5hbWU6IG1lc3NhZ2UKICAgICAgICAgIGluOiBxdWVyeQogICAgICAgICAgcmVxdWlyZWQ6IGZhbHNlCiAgICAgICAgICB0eXBlOiBzdHJpbmcKICAgICAgdGFnczoKICAgICAgICAtIFBpbmdTZXJ2aWNlCmRlZmluaXRpb25zOgogIGFydGlzdEFydGlzdDoKICAgIHR5cGU6IG9iamVjdAogICAgcHJvcGVydGllczoKICAgICAgaWQ6CiAgICAgICAgdHlwZTogc3RyaW5nCiAgICAgIG5hbWU6CiAgICAgICAgdHlwZTogc3RyaW5nCiAgICAgIGRlc2NyaXB0aW9uOgogICAgICAgIHR5cGU6IHN0cmluZwogIGFydGlzdEdldEFydGlzdHNSZXNwb25zZToKICAgIHR5cGU6IG9iamVjdAogICAgcHJvcGVydGllczoKICAgICAgYXJ0aXN0czoKICAgICAgICB0eXBlOiBhcnJheQogICAgICAgIGl0ZW1zOgogICAgICAgICAgdHlwZTogb2JqZWN0CiAgICAgICAgICAkcmVmOiAnIy9kZWZpbml0aW9ucy9hcnRpc3RBcnRpc3QnCiAgaW5zdHJ1bWVudEdldEluc3RydW1lbnRzUmVxdWVzdDoKICAgIHR5cGU6IG9iamVjdAogICAgcHJvcGVydGllczoKICAgICAgaW5zdHJ1bWVudFR5cGU6CiAgICAgICAgdHlwZTogc3RyaW5nCiAgICAgIGluc3RydW1lbnRGYW1pbHk6CiAgICAgICAgdHlwZTogc3RyaW5nCiAgICAgIGluc3RydW1lbnRTdWJmYW1pbHk6CiAgICAgICAgdHlwZTogc3RyaW5nCiAgICAgIHRhZ3M6CiAgICAgICAgdHlwZTogYXJyYXkKICAgICAgICBpdGVtczoKICAgICAgICAgIHR5cGU6IHN0cmluZwogICAgICBzZWFyY2hRdWVyeToKICAgICAgICB0eXBlOiBzdHJpbmcKICAgICAgc29ydEJ5OgogICAgICAgIHR5cGU6IHN0cmluZwogICAgICBhc2NlbmRpbmc6CiAgICAgICAgdHlwZTogYm9vbGVhbgogIGluc3RydW1lbnRHZXRJbnN0cnVtZW50c1Jlc3BvbnNlOgogICAgdHlwZTogb2JqZWN0CiAgICBwcm9wZXJ0aWVzOgogICAgICBpbnN0cnVtZW50czoKICAgICAgICB0eXBlOiBhcnJheQogICAgICAgIGl0ZW1zOgogICAgICAgICAgdHlwZTogb2JqZWN0CiAgICAgICAgICAkcmVmOiAnIy9kZWZpbml0aW9ucy9pbnN0cnVtZW50SW5zdHJ1bWVudCcKICBpbnN0cnVtZW50SW5zdHJ1bWVudDoKICAgIHR5cGU6IG9iamVjdAogICAgcHJvcGVydGllczoKICAgICAgaWQ6CiAgICAgICAgdHlwZTogc3RyaW5nCiAgICAgIG5hbWU6CiAgICAgICAgdHlwZTogc3RyaW5nCiAgICAgIHR5cGU6CiAgICAgICAgdHlwZTogc3RyaW5nCiAgICAgIGZhbWlseToKICAgICAgICB0eXBlOiBzdHJpbmcKICAgICAgc3ViZmFtaWx5OgogICAgICAgIHR5cGU6IHN0cmluZwogICAgICB0YWdzOgogICAgICAgIHR5cGU6IGFycmF5CiAgICAgICAgaXRlbXM6CiAgICAgICAgICB0eXBlOiBzdHJpbmcKICBwaW5nUGluZ1Jlc3BvbnNlOgogICAgdHlwZTogb2JqZWN0CiAgICBwcm9wZXJ0aWVzOgogICAgICBtZXNzYWdlOgogICAgICAgIHR5cGU6IHN0cmluZwogIHByb3RvYnVmQW55OgogICAgdHlwZTogb2JqZWN0CiAgICBwcm9wZXJ0aWVzOgogICAgICAnQHR5cGUnOgogICAgICAgIHR5cGU6IHN0cmluZwogICAgICAgIGRlc2NyaXB0aW9uOiB8LQogICAgICAgICAgQSBVUkwvcmVzb3VyY2UgbmFtZSB0aGF0IHVuaXF1ZWx5IGlkZW50aWZpZXMgdGhlIHR5cGUgb2YgdGhlIHNlcmlhbGl6ZWQKICAgICAgICAgIHByb3RvY29sIGJ1ZmZlciBtZXNzYWdlLiBUaGlzIHN0cmluZyBtdXN0IGNvbnRhaW4gYXQgbGVhc3QKICAgICAgICAgIG9uZSAiLyIgY2hhcmFjdGVyLiBUaGUgbGFzdCBzZWdtZW50IG9mIHRoZSBVUkwncyBwYXRoIG11c3QgcmVwcmVzZW50CiAgICAgICAgICB0aGUgZnVsbHkgcXVhbGlmaWVkIG5hbWUgb2YgdGhlIHR5cGUgKGFzIGluCiAgICAgICAgICBgcGF0aC9nb29nbGUucHJvdG9idWYuRHVyYXRpb25gKS4gVGhlIG5hbWUgc2hvdWxkIGJlIGluIGEgY2Fub25pY2FsIGZvcm0KICAgICAgICAgIChlLmcuLCBsZWFkaW5nICIuIiBpcyBub3QgYWNjZXB0ZWQpLgoKICAgICAgICAgIEluIHByYWN0aWNlLCB0ZWFtcyB1c3VhbGx5IHByZWNvbXBpbGUgaW50byB0aGUgYmluYXJ5IGFsbCB0eXBlcyB0aGF0IHRoZXkKICAgICAgICAgIGV4cGVjdCBpdCB0byB1c2UgaW4gdGhlIGNvbnRleHQgb2YgQW55LiBIb3dldmVyLCBmb3IgVVJMcyB3aGljaCB1c2UgdGhlCiAgICAgICAgICBzY2hlbWUgYGh0dHBgLCBgaHR0cHNgLCBvciBubyBzY2hlbWUsIG9uZSBjYW4gb3B0aW9uYWxseSBzZXQgdXAgYSB0eXBlCiAgICAgICAgICBzZXJ2ZXIgdGhhdCBtYXBzIHR5cGUgVVJMcyB0byBtZXNzYWdlIGRlZmluaXRpb25zIGFzIGZvbGxvd3M6CgogICAgICAgICAgKiBJZiBubyBzY2hlbWUgaXMgcHJvdmlkZWQsIGBodHRwc2AgaXMgYXNzdW1lZC4KICAgICAgICAgICogQW4gSFRUUCBHRVQgb24gdGhlIFVSTCBtdXN0IHlpZWxkIGEgW2dvb2dsZS5wcm90b2J1Zi5UeXBlXVtdCiAgICAgICAgICAgIHZhbHVlIGluIGJpbmFyeSBmb3JtYXQsIG9yIHByb2R1Y2UgYW4gZXJyb3IuCiAgICAgICAgICAqIEFwcGxpY2F0aW9ucyBhcmUgYWxsb3dlZCB0byBjYWNoZSBsb29rdXAgcmVzdWx0cyBiYXNlZCBvbiB0aGUKICAgICAgICAgICAgVVJMLCBvciBoYXZlIHRoZW0gcHJlY29tcGlsZWQgaW50byBhIGJpbmFyeSB0byBhdm9pZCBhbnkKICAgICAgICAgICAgbG9va3VwLiBUaGVyZWZvcmUsIGJpbmFyeSBjb21wYXRpYmlsaXR5IG5lZWRzIHRvIGJlIHByZXNlcnZlZAogICAgICAgICAgICBvbiBjaGFuZ2VzIHRvIHR5cGVzLiAoVXNlIHZlcnNpb25lZCB0eXBlIG5hbWVzIHRvIG1hbmFnZQogICAgICAgICAgICBicmVha2luZyBjaGFuZ2VzLikKCiAgICAgICAgICBOb3RlOiB0aGlzIGZ1bmN0aW9uYWxpdHkgaXMgbm90IGN1cnJlbnRseSBhdmFpbGFibGUgaW4gdGhlIG9mZmljaWFsCiAgICAgICAgICBwcm90b2J1ZiByZWxlYXNlLCBhbmQgaXQgaXMgbm90IHVzZWQgZm9yIHR5cGUgVVJMcyBiZWdpbm5pbmcgd2l0aAogICAgICAgICAgdHlwZS5nb29nbGVhcGlzLmNvbS4gQXMgb2YgTWF5IDIwMjMsIHRoZXJlIGFyZSBubyB3aWRlbHkgdXNlZCB0eXBlIHNlcnZlcgogICAgICAgICAgaW1wbGVtZW50YXRpb25zIGFuZCBubyBwbGFucyB0byBpbXBsZW1lbnQgb25lLgoKICAgICAgICAgIFNjaGVtZXMgb3RoZXIgdGhhbiBgaHR0cGAsIGBodHRwc2AgKG9yIHRoZSBlbXB0eSBzY2hlbWUpIG1pZ2h0IGJlCiAgICAgICAgICB1c2VkIHdpdGggaW1wbGVtZW50YXRpb24gc3BlY2lmaWMgc2VtYW50aWNzLgogICAgYWRkaXRpb25hbFByb3BlcnRpZXM6IHt9CiAgICBkZXNjcmlwdGlvbjogfC0KICAgICAgYEFueWAgY29udGFpbnMgYW4gYXJiaXRyYXJ5IHNlcmlhbGl6ZWQgcHJvdG9jb2wgYnVmZmVyIG1lc3NhZ2UgYWxvbmcgd2l0aCBhCiAgICAgIFVSTCB0aGF0IGRlc2NyaWJlcyB0aGUgdHlwZSBvZiB0aGUgc2VyaWFsaXplZCBtZXNzYWdlLgoKICAgICAgUHJvdG9idWYgbGlicmFyeSBwcm92aWRlcyBzdXBwb3J0IHRvIHBhY2svdW5wYWNrIEFueSB2YWx1ZXMgaW4gdGhlIGZvcm0KICAgICAgb2YgdXRpbGl0eSBmdW5jdGlvbnMgb3IgYWRkaXRpb25hbCBnZW5lcmF0ZWQgbWV0aG9kcyBvZiB0aGUgQW55IHR5cGUuCgogICAgICBFeGFtcGxlIDE6IFBhY2sgYW5kIHVucGFjayBhIG1lc3NhZ2UgaW4gQysrLgoKICAgICAgICAgIEZvbyBmb28gPSAuLi47CiAgICAgICAgICBBbnkgYW55OwogICAgICAgICAgYW55LlBhY2tGcm9tKGZvbyk7CiAgICAgICAgICAuLi4KICAgICAgICAgIGlmIChhbnkuVW5wYWNrVG8oJmZvbykpIHsKICAgICAgICAgICAgLi4uCiAgICAgICAgICB9CgogICAgICBFeGFtcGxlIDI6IFBhY2sgYW5kIHVucGFjayBhIG1lc3NhZ2UgaW4gSmF2YS4KCiAgICAgICAgICBGb28gZm9vID0gLi4uOwogICAgICAgICAgQW55IGFueSA9IEFueS5wYWNrKGZvbyk7CiAgICAgICAgICAuLi4KICAgICAgICAgIGlmIChhbnkuaXMoRm9vLmNsYXNzKSkgewogICAgICAgICAgICBmb28gPSBhbnkudW5wYWNrKEZvby5jbGFzcyk7CiAgICAgICAgICB9CiAgICAgICAgICAvLyBvciAuLi4KICAgICAgICAgIGlmIChhbnkuaXNTYW1lVHlwZUFzKEZvby5nZXREZWZhdWx0SW5zdGFuY2UoKSkpIHsKICAgICAgICAgICAgZm9vID0gYW55LnVucGFjayhGb28uZ2V0RGVmYXVsdEluc3RhbmNlKCkpOwogICAgICAgICAgfQoKICAgICAgIEV4YW1wbGUgMzogUGFjayBhbmQgdW5wYWNrIGEgbWVzc2FnZSBpbiBQeXRob24uCgogICAgICAgICAgZm9vID0gRm9vKC4uLikKICAgICAgICAgIGFueSA9IEFueSgpCiAgICAgICAgICBhbnkuUGFjayhmb28pCiAgICAgICAgICAuLi4KICAgICAgICAgIGlmIGFueS5JcyhGb28uREVTQ1JJUFRPUik6CiAgICAgICAgICAgIGFueS5VbnBhY2soZm9vKQogICAgICAgICAgICAuLi4KCiAgICAgICBFeGFtcGxlIDQ6IFBhY2sgYW5kIHVucGFjayBhIG1lc3NhZ2UgaW4gR28KCiAgICAgICAgICAgZm9vIDo9ICZwYi5Gb297Li4ufQogICAgICAgICAgIGFueSwgZXJyIDo9IGFueXBiLk5ldyhmb28pCiAgICAgICAgICAgaWYgZXJyICE9IG5pbCB7CiAgICAgICAgICAgICAuLi4KICAgICAgICAgICB9CiAgICAgICAgICAgLi4uCiAgICAgICAgICAgZm9vIDo9ICZwYi5Gb297fQogICAgICAgICAgIGlmIGVyciA6PSBhbnkuVW5tYXJzaGFsVG8oZm9vKTsgZXJyICE9IG5pbCB7CiAgICAgICAgICAgICAuLi4KICAgICAgICAgICB9CgogICAgICBUaGUgcGFjayBtZXRob2RzIHByb3ZpZGVkIGJ5IHByb3RvYnVmIGxpYnJhcnkgd2lsbCBieSBkZWZhdWx0IHVzZQogICAgICAndHlwZS5nb29nbGVhcGlzLmNvbS9mdWxsLnR5cGUubmFtZScgYXMgdGhlIHR5cGUgVVJMIGFuZCB0aGUgdW5wYWNrCiAgICAgIG1ldGhvZHMgb25seSB1c2UgdGhlIGZ1bGx5IHF1YWxpZmllZCB0eXBlIG5hbWUgYWZ0ZXIgdGhlIGxhc3QgJy8nCiAgICAgIGluIHRoZSB0eXBlIFVSTCwgZm9yIGV4YW1wbGUgImZvby5iYXIuY29tL3gveS56IiB3aWxsIHlpZWxkIHR5cGUKICAgICAgbmFtZSAieS56Ii4KCiAgICAgIEpTT04KICAgICAgPT09PQogICAgICBUaGUgSlNPTiByZXByZXNlbnRhdGlvbiBvZiBhbiBgQW55YCB2YWx1ZSB1c2VzIHRoZSByZWd1bGFyCiAgICAgIHJlcHJlc2VudGF0aW9uIG9mIHRoZSBkZXNlcmlhbGl6ZWQsIGVtYmVkZGVkIG1lc3NhZ2UsIHdpdGggYW4KICAgICAgYWRkaXRpb25hbCBmaWVsZCBgQHR5cGVgIHdoaWNoIGNvbnRhaW5zIHRoZSB0eXBlIFVSTC4gRXhhbXBsZToKCiAgICAgICAgICBwYWNrYWdlIGdvb2dsZS5wcm9maWxlOwogICAgICAgICAgbWVzc2FnZSBQZXJzb24gewogICAgICAgICAgICBzdHJpbmcgZmlyc3RfbmFtZSA9IDE7CiAgICAgICAgICAgIHN0cmluZyBsYXN0X25hbWUgPSAyOwogICAgICAgICAgfQoKICAgICAgICAgIHsKICAgICAgICAgICAgIkB0eXBlIjogInR5cGUuZ29vZ2xlYXBpcy5jb20vZ29vZ2xlLnByb2ZpbGUuUGVyc29uIiwKICAgICAgICAgICAgImZpcnN0TmFtZSI6IDxzdHJpbmc+LAogICAgICAgICAgICAibGFzdE5hbWUiOiA8c3RyaW5nPgogICAgICAgICAgfQoKICAgICAgSWYgdGhlIGVtYmVkZGVkIG1lc3NhZ2UgdHlwZSBpcyB3ZWxsLWtub3duIGFuZCBoYXMgYSBjdXN0b20gSlNPTgogICAgICByZXByZXNlbnRhdGlvbiwgdGhhdCByZXByZXNlbnRhdGlvbiB3aWxsIGJlIGVtYmVkZGVkIGFkZGluZyBhIGZpZWxkCiAgICAgIGB2YWx1ZWAgd2hpY2ggaG9sZHMgdGhlIGN1c3RvbSBKU09OIGluIGFkZGl0aW9uIHRvIHRoZSBgQHR5cGVgCiAgICAgIGZpZWxkLiBFeGFtcGxlIChmb3IgbWVzc2FnZSBbZ29vZ2xlLnByb3RvYnVmLkR1cmF0aW9uXVtdKToKCiAgICAgICAgICB7CiAgICAgICAgICAgICJAdHlwZSI6ICJ0eXBlLmdvb2dsZWFwaXMuY29tL2dvb2dsZS5wcm90b2J1Zi5EdXJhdGlvbiIsCiAgICAgICAgICAgICJ2YWx1ZSI6ICIxLjIxMnMiCiAgICAgICAgICB9CiAgcnBjU3RhdHVzOgogICAgdHlwZTogb2JqZWN0CiAgICBwcm9wZXJ0aWVzOgogICAgICBjb2RlOgogICAgICAgIHR5cGU6IGludGVnZXIKICAgICAgICBmb3JtYXQ6IGludDMyCiAgICAgIG1lc3NhZ2U6CiAgICAgICAgdHlwZTogc3RyaW5nCiAgICAgIGRldGFpbHM6CiAgICAgICAgdHlwZTogYXJyYXkKICAgICAgICBpdGVtczoKICAgICAgICAgIHR5cGU6IG9iamVjdAogICAgICAgICAgJHJlZjogJyMvZGVmaW5pdGlvbnMvcHJvdG9idWZBbnknCgp4LWdvb2dsZS1iYWNrZW5kOgogIGFkZHJlc3M6IGh0dHBzOi8vcm9ja3N0YXJ0LWNsb3VkcnVuLWJhY2tlbmQtbnR0dzc0bHZscS11Yy5hLnJ1bi5hcHAKICBwYXRoX3RyYW5zbGF0aW9uOiBDT05TVEFOVF9BRERSRVNT",
                    "path": "../../../../apps/backend/src/_generated/openapi/api_definition.swagger.yaml"
                  }
                ]
              }
            ],
            "project": "rockstart-449313",
            "service_config_id": "backend-api-config-1ejphr7i7yjuk",
            "terraform_labels": {
              "goog-terraform-provisioned": "true"
            },
            "timeouts": null
          },
          "sensitive_attributes": [],
          "private": "eyJlMmJmYjczMC1lY2FhLTExZTYtOGY4OC0zNDM2M2JjN2M0YzAiOnsiY3JlYXRlIjoxMjAwMDAwMDAwMDAwLCJkZWxldGUiOjEyMDAwMDAwMDAwMDAsInVwZGF0ZSI6MTIwMDAwMDAwMDAwMH19",
          "dependencies": [
            "google_api_gateway_api.api",
            "google_cloud_run_service.backend",
            "google_project_service.api_gateway_api",
            "google_project_service.cloud_run_api",
            "google_service_account.cloudrun_service_account"
          ]
        }
      ]
    },
    {
      "mode": "managed",
      "type": "google_api_gateway_gateway",
      "name": "gateway",
      "provider": "provider[\"registry.terraform.io/hashicorp/google-beta\"]",
      "instances": [
        {
          "schema_version": 0,
          "attributes": {
            "api_config": "projects/628776897840/locations/global/apis/backend-api/configs/backend-api-config",
            "default_hostname": "backend-gateway-80utj3g0.uc.gateway.dev",
            "display_name": "backend-gateway",
            "effective_labels": {
              "goog-terraform-provisioned": "true"
            },
            "gateway_id": "backend-gateway",
            "id": "projects/rockstart-449313/locations/us-central1/gateways/backend-gateway",
            "labels": null,
            "name": "projects/rockstart-449313/locations/us-central1/gateways/backend-gateway",
            "project": "rockstart-449313",
            "region": "us-central1",
            "terraform_labels": {
              "goog-terraform-provisioned": "true"
            },
            "timeouts": null
          },
          "sensitive_attributes": [],
          "private": "eyJlMmJmYjczMC1lY2FhLTExZTYtOGY4OC0zNDM2M2JjN2M0YzAiOnsiY3JlYXRlIjoxMjAwMDAwMDAwMDAwLCJkZWxldGUiOjEyMDAwMDAwMDAwMDAsInVwZGF0ZSI6MTIwMDAwMDAwMDAwMH19",
          "dependencies": [
            "google_api_gateway_api.api",
            "google_api_gateway_api_config.config",
            "google_cloud_run_service.backend",
            "google_project_service.api_gateway_api",
            "google_project_service.cloud_run_api",
            "google_service_account.cloudrun_service_account"
          ]
        }
      ]
    },
    {
      "mode": "managed",
      "type": "google_artifact_registry_repository",
      "name": "artifact_registry",
      "provider": "provider[\"registry.terraform.io/hashicorp/google\"]",
      "instances": [
        {
          "schema_version": 0,
          "attributes": {
            "cleanup_policies": [],
            "cleanup_policy_dry_run": false,
            "create_time": "2025-01-29T13:45:40.866148Z",
            "description": "rockstart",
            "docker_config": [],
            "effective_labels": {},
            "format": "DOCKER",
            "id": "projects/rockstart-449313/locations/us-central1/repositories/rockstart",
            "kms_key_name": "",
            "labels": null,
            "location": "us-central1",
            "maven_config": [],
            "mode": "STANDARD_REPOSITORY",
            "name": "rockstart",
            "project": "rockstart-449313",
            "remote_repository_config": [],
            "repository_id": "rockstart",
            "terraform_labels": {},
            "timeouts": null,
            "update_time": "2025-01-29T13:45:40.866148Z",
            "virtual_repository_config": []
          },
          "sensitive_attributes": [],
          "private": "eyJlMmJmYjczMC1lY2FhLTExZTYtOGY4OC0zNDM2M2JjN2M0YzAiOnsiY3JlYXRlIjoxMjAwMDAwMDAwMDAwLCJkZWxldGUiOjEyMDAwMDAwMDAwMDAsInVwZGF0ZSI6MTIwMDAwMDAwMDAwMH19"
        }
      ]
    },
    {
      "mode": "managed",
      "type": "google_cloud_run_service",
      "name": "backend",
      "provider": "provider[\"registry.terraform.io/hashicorp/google\"]",
      "instances": [
        {
          "schema_version": 2,
          "attributes": {
            "autogenerate_revision_name": false,
            "id": "locations/us-central1/namespaces/rockstart-449313/services/rockstart-cloudrun-backend",
            "location": "us-central1",
            "metadata": [
              {
                "annotations": {
                  "run.googleapis.com/client-name": "terraform"
                },
                "effective_annotations": {
                  "run.googleapis.com/client-name": "terraform",
                  "run.googleapis.com/ingress": "all",
                  "run.googleapis.com/ingress-status": "all",
                  "run.googleapis.com/operation-id": "05de4d15-22dd-4d06-8a4a-6afad8bdaf33",
                  "run.googleapis.com/urls": "[\"https://rockstart-cloudrun-backend-628776897840.us-central1.run.app\",\"https://rockstart-cloudrun-backend-nttw74lvlq-uc.a.run.app\"]",
                  "serving.knative.dev/creator": "yusuke.iritani0909@gmail.com",
                  "serving.knative.dev/lastModifier": "yusuke.iritani0909@gmail.com"
                },
                "effective_labels": {
                  "cloud.googleapis.com/location": "us-central1"
                },
                "generation": 1,
                "labels": null,
                "namespace": "rockstart-449313",
                "resource_version": "AAYs2IvyoNM",
                "self_link": "/apis/serving.knative.dev/v1/namespaces/628776897840/services/rockstart-cloudrun-backend",
                "terraform_labels": {},
                "uid": "c2112937-80dd-4e4a-a681-1f186d26ccfd"
              }
            ],
            "name": "rockstart-cloudrun-backend",
            "project": "rockstart-449313",
            "status": [
              {
                "conditions": [
                  {
                    "message": "",
                    "reason": "",
                    "status": "True",
                    "type": "Ready"
                  },
                  {
                    "message": "",
                    "reason": "",
                    "status": "True",
                    "type": "ConfigurationsReady"
                  },
                  {
                    "message": "",
                    "reason": "",
                    "status": "True",
                    "type": "RoutesReady"
                  }
                ],
                "latest_created_revision_name": "rockstart-cloudrun-backend-00001-nww",
                "latest_ready_revision_name": "rockstart-cloudrun-backend-00001-nww",
                "observed_generation": 1,
                "traffic": [
                  {
                    "latest_revision": true,
                    "percent": 100,
                    "revision_name": "rockstart-cloudrun-backend-00001-nww",
                    "tag": "",
                    "url": ""
                  }
                ],
                "url": "https://rockstart-cloudrun-backend-nttw74lvlq-uc.a.run.app"
              }
            ],
            "template": [
              {
                "metadata": [
                  {
                    "annotations": {
                      "autoscaling.knative.dev/maxScale": "100"
                    },
                    "generation": 0,
                    "labels": {
                      "run.googleapis.com/startupProbeType": "Default"
                    },
                    "name": "",
                    "namespace": "",
                    "resource_version": "",
                    "self_link": "",
                    "uid": ""
                  }
                ],
                "spec": [
                  {
                    "container_concurrency": 80,
                    "containers": [
                      {
                        "args": null,
                        "command": null,
                        "env": [],
                        "env_from": [],
                        "image": "gcr.io/cloudrun/hello",
                        "liveness_probe": [],
                        "name": "",
                        "ports": [
                          {
                            "container_port": 50051,
                            "name": "http1",
                            "protocol": ""
                          }
                        ],
                        "resources": [
                          {
                            "limits": {
                              "cpu": "1000m",
                              "memory": "512Mi"
                            },
                            "requests": {}
                          }
                        ],
                        "startup_probe": [
                          {
                            "failure_threshold": 1,
                            "grpc": [],
                            "http_get": [],
                            "initial_delay_seconds": 0,
                            "period_seconds": 240,
                            "tcp_socket": [
                              {
                                "port": 50051
                              }
                            ],
                            "timeout_seconds": 240
                          }
                        ],
                        "volume_mounts": [],
                        "working_dir": ""
                      }
                    ],
                    "service_account_name": "cloudrun-sa@rockstart-449313.iam.gserviceaccount.com",
                    "serving_state": "",
                    "timeout_seconds": 300,
                    "volumes": []
                  }
                ]
              }
            ],
            "timeouts": null,
            "traffic": [
              {
                "latest_revision": true,
                "percent": 100,
                "revision_name": "",
                "tag": "",
                "url": ""
              }
            ]
          },
          "sensitive_attributes": [],
          "private": "eyJlMmJmYjczMC1lY2FhLTExZTYtOGY4OC0zNDM2M2JjN2M0YzAiOnsiY3JlYXRlIjoxMjAwMDAwMDAwMDAwLCJkZWxldGUiOjEyMDAwMDAwMDAwMDAsInVwZGF0ZSI6MTIwMDAwMDAwMDAwMH0sInNjaGVtYV92ZXJzaW9uIjoiMiJ9",
          "dependencies": [
            "google_project_service.cloud_run_api",
            "google_service_account.cloudrun_service_account"
          ]
        }
      ]
    },
    {
      "mode": "managed",
      "type": "google_cloudbuild_trigger",
      "name": "backend",
      "provider": "provider[\"registry.terraform.io/hashicorp/google\"]",
      "instances": [
        {
          "schema_version": 2,
          "attributes": {
            "approval_config": [
              {
                "approval_required": false
              }
            ],
            "bitbucket_server_trigger_config": [],
            "build": [],
            "create_time": "2025-01-29T13:47:17.955598456Z",
            "description": "",
            "disabled": false,
            "filename": "cloudbuild.yaml",
            "filter": "",
            "git_file_source": [],
            "github": [
              {
                "enterprise_config_resource_name": "",
                "name": "rockstart",
                "owner": "yiritani",
                "pull_request": [],
                "push": [
                  {
                    "branch": "master",
                    "invert_regex": false,
                    "tag": ""
                  }
                ]
              }
            ],
            "id": "projects/rockstart-449313/triggers/52a08ac2-6967-4915-8db9-ac551df3d8e6",
            "ignored_files": null,
            "include_build_logs": "",
            "included_files": null,
            "location": "global",
            "name": "rockstart-cloudbuild-trigger-backend",
            "project": "rockstart-449313",
            "pubsub_config": [],
            "repository_event_config": [],
            "service_account": "projects/rockstart-449313/serviceAccounts/cloudbuild-sa@rockstart-449313.iam.gserviceaccount.com",
            "source_to_build": [],
            "substitutions": {
              "_CLOUD_RUN_SERVICE": "rockstart-cloudrun-backend",
              "_CLOUD_RUN_SERVICE_ACCOUNT": "cloudrun-sa@rockstart-449313.iam.gserviceaccount.com",
              "_DOCKERFILE": "apps/backend/Dockerfile",
              "_IMAGE": "us-central1-docker.pkg.dev/rockstart-449313/rockstart/backend",
              "_REGION": "us-central1",
              "_REPO": "rockstart",
              "_SERVICE": "rockstart"
            },
            "tags": null,
            "timeouts": null,
            "trigger_id": "52a08ac2-6967-4915-8db9-ac551df3d8e6",
            "trigger_template": [],
            "webhook_config": []
          },
          "sensitive_attributes": [],
          "private": "eyJlMmJmYjczMC1lY2FhLTExZTYtOGY4OC0zNDM2M2JjN2M0YzAiOnsiY3JlYXRlIjoxMjAwMDAwMDAwMDAwLCJkZWxldGUiOjEyMDAwMDAwMDAwMDAsInVwZGF0ZSI6MTIwMDAwMDAwMDAwMH0sInNjaGVtYV92ZXJzaW9uIjoiMiJ9",
          "dependencies": [
            "google_cloud_run_service.backend",
            "google_project_service.cloud_build_api",
            "google_project_service.cloud_run_api",
            "google_service_account.cloudbuild_service_account",
            "google_service_account.cloudrun_service_account"
          ]
        }
      ]
    },
    {
      "mode": "managed",
      "type": "google_cloudbuild_trigger",
      "name": "github_trigger",
      "provider": "provider[\"registry.terraform.io/hashicorp/google\"]",
      "instances": [
        {
          "schema_version": 2,
          "attributes": {
            "approval_config": [
              {
                "approval_required": false
              }
            ],
            "bitbucket_server_trigger_config": [],
            "build": [],
            "create_time": "2025-01-29T13:45:44.951802817Z",
            "description": "",
            "disabled": false,
            "filename": "cloudbuild.yaml",
            "filter": "",
            "git_file_source": [],
            "github": [
              {
                "enterprise_config_resource_name": "",
                "name": "rockstart",
                "owner": "yiritani",
                "pull_request": [],
                "push": [
                  {
                    "branch": "master",
                    "invert_regex": false,
                    "tag": ""
                  }
                ]
              }
            ],
            "id": "projects/rockstart-449313/triggers/060e2f4e-d4ac-4efa-b60f-5ecde8e455dd",
            "ignored_files": null,
            "include_build_logs": "",
            "included_files": null,
            "location": "global",
            "name": "rockstart-github-trigger",
            "project": "rockstart-449313",
            "pubsub_config": [],
            "repository_event_config": [],
            "service_account": "projects/rockstart-449313/serviceAccounts/cloudbuild-sa@rockstart-449313.iam.gserviceaccount.com",
            "source_to_build": [],
            "substitutions": null,
            "tags": null,
            "timeouts": null,
            "trigger_id": "060e2f4e-d4ac-4efa-b60f-5ecde8e455dd",
            "trigger_template": [],
            "webhook_config": []
          },
          "sensitive_attributes": [],
          "private": "eyJlMmJmYjczMC1lY2FhLTExZTYtOGY4OC0zNDM2M2JjN2M0YzAiOnsiY3JlYXRlIjoxMjAwMDAwMDAwMDAwLCJkZWxldGUiOjEyMDAwMDAwMDAwMDAsInVwZGF0ZSI6MTIwMDAwMDAwMDAwMH0sInNjaGVtYV92ZXJzaW9uIjoiMiJ9",
          "dependencies": [
            "google_service_account.cloudbuild_service_account"
          ]
        }
      ]
    },
    {
      "mode": "managed",
      "type": "google_project_iam_binding",
      "name": "cloud_run_admin",
      "provider": "provider[\"registry.terraform.io/hashicorp/google\"]",
      "instances": [
        {
          "schema_version": 0,
          "attributes": {
            "condition": [],
            "etag": "BwYs2IbslII=",
            "id": "rockstart-449313/roles/run.admin",
            "members": [
              "serviceAccount:cloudrun-sa@rockstart-449313.iam.gserviceaccount.com"
            ],
            "project": "rockstart-449313",
            "role": "roles/run.admin"
          },
          "sensitive_attributes": [],
          "private": "bnVsbA==",
          "dependencies": [
            "google_service_account.cloudrun_service_account"
          ]
        }
      ]
    },
    {
      "mode": "managed",
      "type": "google_project_iam_binding",
      "name": "service_account_user",
      "provider": "provider[\"registry.terraform.io/hashicorp/google\"]",
      "instances": [
        {
          "schema_version": 0,
          "attributes": {
            "condition": [],
            "etag": "BwYs2IbslII=",
            "id": "rockstart-449313/roles/iam.serviceAccountUser",
            "members": [
              "serviceAccount:cloudrun-sa@rockstart-449313.iam.gserviceaccount.com"
            ],
            "project": "rockstart-449313",
            "role": "roles/iam.serviceAccountUser"
          },
          "sensitive_attributes": [],
          "private": "bnVsbA==",
          "dependencies": [
            "google_service_account.cloudrun_service_account"
          ]
        }
      ]
    },
    {
      "mode": "managed",
      "type": "google_project_iam_member",
      "name": "artifact_registry_reader",
      "provider": "provider[\"registry.terraform.io/hashicorp/google\"]",
      "instances": [
        {
          "schema_version": 0,
          "attributes": {
            "condition": [],
            "etag": "BwYs2IbslII=",
            "id": "rockstart-449313/roles/artifactregistry.reader/serviceAccount:cloudbuild-sa@rockstart-449313.iam.gserviceaccount.com",
            "member": "serviceAccount:cloudbuild-sa@rockstart-449313.iam.gserviceaccount.com",
            "project": "rockstart-449313",
            "role": "roles/artifactregistry.reader"
          },
          "sensitive_attributes": [],
          "private": "bnVsbA==",
          "dependencies": [
            "google_service_account.cloudbuild_service_account"
          ]
        }
      ]
    },
    {
      "mode": "managed",
      "type": "google_project_iam_member",
      "name": "artifact_registry_writer",
      "provider": "provider[\"registry.terraform.io/hashicorp/google\"]",
      "instances": [
        {
          "schema_version": 0,
          "attributes": {
            "condition": [],
            "etag": "BwYs2IbslII=",
            "id": "rockstart-449313/roles/artifactregistry.writer/serviceAccount:cloudbuild-sa@rockstart-449313.iam.gserviceaccount.com",
            "member": "serviceAccount:cloudbuild-sa@rockstart-449313.iam.gserviceaccount.com",
            "project": "rockstart-449313",
            "role": "roles/artifactregistry.writer"
          },
          "sensitive_attributes": [],
          "private": "bnVsbA==",
          "dependencies": [
            "google_service_account.cloudbuild_service_account"
          ]
        }
      ]
    },
    {
      "mode": "managed",
      "type": "google_project_iam_member",
      "name": "cloud_run_developer",
      "provider": "provider[\"registry.terraform.io/hashicorp/google\"]",
      "instances": [
        {
          "schema_version": 0,
          "attributes": {
            "condition": [],
            "etag": "BwYs2IbslII=",
            "id": "rockstart-449313/roles/run.developer/serviceAccount:cloudbuild-sa@rockstart-449313.iam.gserviceaccount.com",
            "member": "serviceAccount:cloudbuild-sa@rockstart-449313.iam.gserviceaccount.com",
            "project": "rockstart-449313",
            "role": "roles/run.developer"
          },
          "sensitive_attributes": [],
          "private": "bnVsbA==",
          "dependencies": [
            "google_service_account.cloudbuild_service_account"
          ]
        }
      ]
    },
    {
      "mode": "managed",
      "type": "google_project_iam_member",
      "name": "logs_logging_writer",
      "provider": "provider[\"registry.terraform.io/hashicorp/google\"]",
      "instances": [
        {
          "schema_version": 0,
          "attributes": {
            "condition": [],
            "etag": "BwYs2IbslII=",
            "id": "rockstart-449313/roles/logging.logWriter/serviceAccount:cloudbuild-sa@rockstart-449313.iam.gserviceaccount.com",
            "member": "serviceAccount:cloudbuild-sa@rockstart-449313.iam.gserviceaccount.com",
            "project": "rockstart-449313",
            "role": "roles/logging.logWriter"
          },
          "sensitive_attributes": [],
          "private": "bnVsbA==",
          "dependencies": [
            "google_service_account.cloudbuild_service_account"
          ]
        }
      ]
    },
    {
      "mode": "managed",
      "type": "google_project_service",
      "name": "api_gateway_api",
      "provider": "provider[\"registry.terraform.io/hashicorp/google\"]",
      "instances": [
        {
          "schema_version": 0,
          "attributes": {
            "disable_dependent_services": null,
            "disable_on_destroy": false,
            "id": "rockstart-449313/apigateway.googleapis.com",
            "project": "rockstart-449313",
            "service": "apigateway.googleapis.com",
            "timeouts": null
          },
          "sensitive_attributes": [],
          "private": "eyJlMmJmYjczMC1lY2FhLTExZTYtOGY4OC0zNDM2M2JjN2M0YzAiOnsiY3JlYXRlIjoxMjAwMDAwMDAwMDAwLCJkZWxldGUiOjEyMDAwMDAwMDAwMDAsInJlYWQiOjYwMDAwMDAwMDAwMCwidXBkYXRlIjoxMjAwMDAwMDAwMDAwfX0="
        }
      ]
    },
    {
      "mode": "managed",
      "type": "google_project_service",
      "name": "cloud_build_api",
      "provider": "provider[\"registry.terraform.io/hashicorp/google\"]",
      "instances": [
        {
          "schema_version": 0,
          "attributes": {
            "disable_dependent_services": null,
            "disable_on_destroy": false,
            "id": "rockstart-449313/cloudbuild.googleapis.com",
            "project": "rockstart-449313",
            "service": "cloudbuild.googleapis.com",
            "timeouts": null
          },
          "sensitive_attributes": [],
          "private": "eyJlMmJmYjczMC1lY2FhLTExZTYtOGY4OC0zNDM2M2JjN2M0YzAiOnsiY3JlYXRlIjoxMjAwMDAwMDAwMDAwLCJkZWxldGUiOjEyMDAwMDAwMDAwMDAsInJlYWQiOjYwMDAwMDAwMDAwMCwidXBkYXRlIjoxMjAwMDAwMDAwMDAwfX0="
        }
      ]
    },
    {
      "mode": "managed",
      "type": "google_project_service",
      "name": "cloud_run_api",
      "provider": "provider[\"registry.terraform.io/hashicorp/google\"]",
      "instances": [
        {
          "schema_version": 0,
          "attributes": {
            "disable_dependent_services": null,
            "disable_on_destroy": false,
            "id": "rockstart-449313/run.googleapis.com",
            "project": "rockstart-449313",
            "service": "run.googleapis.com",
            "timeouts": null
          },
          "sensitive_attributes": [],
          "private": "eyJlMmJmYjczMC1lY2FhLTExZTYtOGY4OC0zNDM2M2JjN2M0YzAiOnsiY3JlYXRlIjoxMjAwMDAwMDAwMDAwLCJkZWxldGUiOjEyMDAwMDAwMDAwMDAsInJlYWQiOjYwMDAwMDAwMDAwMCwidXBkYXRlIjoxMjAwMDAwMDAwMDAwfX0="
        }
      ]
    },
    {
      "mode": "managed",
      "type": "google_project_service",
      "name": "enable_iam_credentials_api",
      "provider": "provider[\"registry.terraform.io/hashicorp/google\"]",
      "instances": [
        {
          "schema_version": 0,
          "attributes": {
            "disable_dependent_services": true,
            "disable_on_destroy": true,
            "id": "rockstart-449313/iamcredentials.googleapis.com",
            "project": "rockstart-449313",
            "service": "iamcredentials.googleapis.com",
            "timeouts": null
          },
          "sensitive_attributes": [],
          "private": "eyJlMmJmYjczMC1lY2FhLTExZTYtOGY4OC0zNDM2M2JjN2M0YzAiOnsiY3JlYXRlIjoxMjAwMDAwMDAwMDAwLCJkZWxldGUiOjEyMDAwMDAwMDAwMDAsInJlYWQiOjYwMDAwMDAwMDAwMCwidXBkYXRlIjoxMjAwMDAwMDAwMDAwfX0="
        }
      ]
    },
    {
      "mode": "managed",
      "type": "google_service_account",
      "name": "api_gateway_service_account",
      "provider": "provider[\"registry.terraform.io/hashicorp/google\"]",
      "instances": [
        {
          "schema_version": 0,
          "attributes": {
            "account_id": "api-gateway-sa",
            "create_ignore_already_exists": null,
            "description": "API gateway service account",
            "disabled": false,
            "display_name": "api-gateway-sa",
            "email": "api-gateway-sa@rockstart-449313.iam.gserviceaccount.com",
            "id": "projects/rockstart-449313/serviceAccounts/api-gateway-sa@rockstart-449313.iam.gserviceaccount.com",
            "member": "serviceAccount:api-gateway-sa@rockstart-449313.iam.gserviceaccount.com",
            "name": "projects/rockstart-449313/serviceAccounts/api-gateway-sa@rockstart-449313.iam.gserviceaccount.com",
            "project": "rockstart-449313",
            "timeouts": null,
            "unique_id": "101176107998550684137"
          },
          "sensitive_attributes": [],
          "private": "eyJlMmJmYjczMC1lY2FhLTExZTYtOGY4OC0zNDM2M2JjN2M0YzAiOnsiY3JlYXRlIjozMDAwMDAwMDAwMDB9fQ=="
        }
      ]
    },
    {
      "mode": "managed",
      "type": "google_service_account",
      "name": "cloudbuild_service_account",
      "provider": "provider[\"registry.terraform.io/hashicorp/google\"]",
      "instances": [
        {
          "schema_version": 0,
          "attributes": {
            "account_id": "cloudbuild-sa",
            "create_ignore_already_exists": null,
            "description": "Cloud build service account",
            "disabled": false,
            "display_name": "cloudbuild-sa",
            "email": "cloudbuild-sa@rockstart-449313.iam.gserviceaccount.com",
            "id": "projects/rockstart-449313/serviceAccounts/cloudbuild-sa@rockstart-449313.iam.gserviceaccount.com",
            "member": "serviceAccount:cloudbuild-sa@rockstart-449313.iam.gserviceaccount.com",
            "name": "projects/rockstart-449313/serviceAccounts/cloudbuild-sa@rockstart-449313.iam.gserviceaccount.com",
            "project": "rockstart-449313",
            "timeouts": null,
            "unique_id": "106507571179700758087"
          },
          "sensitive_attributes": [],
          "private": "eyJlMmJmYjczMC1lY2FhLTExZTYtOGY4OC0zNDM2M2JjN2M0YzAiOnsiY3JlYXRlIjozMDAwMDAwMDAwMDB9fQ=="
        }
      ]
    },
    {
      "mode": "managed",
      "type": "google_service_account",
      "name": "cloudrun_service_account",
      "provider": "provider[\"registry.terraform.io/hashicorp/google\"]",
      "instances": [
        {
          "schema_version": 0,
          "attributes": {
            "account_id": "cloudrun-sa",
            "create_ignore_already_exists": null,
            "description": "Cloud run service account",
            "disabled": false,
            "display_name": "cloudrun-sa",
            "email": "cloudrun-sa@rockstart-449313.iam.gserviceaccount.com",
            "id": "projects/rockstart-449313/serviceAccounts/cloudrun-sa@rockstart-449313.iam.gserviceaccount.com",
            "member": "serviceAccount:cloudrun-sa@rockstart-449313.iam.gserviceaccount.com",
            "name": "projects/rockstart-449313/serviceAccounts/cloudrun-sa@rockstart-449313.iam.gserviceaccount.com",
            "project": "rockstart-449313",
            "timeouts": null,
            "unique_id": "108304988993963823044"
          },
          "sensitive_attributes": [],
          "private": "eyJlMmJmYjczMC1lY2FhLTExZTYtOGY4OC0zNDM2M2JjN2M0YzAiOnsiY3JlYXRlIjozMDAwMDAwMDAwMDB9fQ=="
        }
      ]
    },
    {
      "mode": "managed",
      "type": "google_service_account_iam_member",
      "name": "cloudrun_service_account_user",
      "provider": "provider[\"registry.terraform.io/hashicorp/google\"]",
      "instances": [
        {
          "schema_version": 0,
          "attributes": {
            "condition": [],
            "etag": "BwYs2Ia7ob4=",
            "id": "projects/rockstart-449313/serviceAccounts/cloudrun-sa@rockstart-449313.iam.gserviceaccount.com/roles/iam.serviceAccountUser/serviceAccount:cloudbuild-sa@rockstart-449313.iam.gserviceaccount.com",
            "member": "serviceAccount:cloudbuild-sa@rockstart-449313.iam.gserviceaccount.com",
            "role": "roles/iam.serviceAccountUser",
            "service_account_id": "projects/rockstart-449313/serviceAccounts/cloudrun-sa@rockstart-449313.iam.gserviceaccount.com"
          },
          "sensitive_attributes": [],
          "private": "bnVsbA==",
          "dependencies": [
            "google_service_account.cloudbuild_service_account",
            "google_service_account.cloudrun_service_account"
          ]
        }
      ]
    }
  ],
  "check_results": null
}
