{
  "version": 4,
  "terraform_version": "1.10.3",
  "serial": 229,
  "lineage": "5804c424-672d-08d5-70fc-35f7618e34dc",
  "outputs": {
    "backend_url": {
      "value": "https://rockstart-cloudrun-backend-nttw74lvlq-uc.a.run.app",
      "type": "string"
    }
  },
  "resources": [
    {
      "mode": "data",
      "type": "google_iam_policy",
      "name": "noauth",
      "provider": "provider[\"registry.terraform.io/hashicorp/google\"]",
      "instances": [
        {
          "schema_version": 0,
          "attributes": {
            "audit_config": null,
            "binding": [
              {
                "condition": [],
                "members": [
                  "allUsers"
                ],
                "role": "roles/run.invoker"
              }
            ],
            "id": "3450855414",
            "policy_data": "{\"bindings\":[{\"members\":[\"allUsers\"],\"role\":\"roles/run.invoker\"}]}"
          },
          "sensitive_attributes": []
        }
      ]
    },
    {
      "mode": "managed",
      "type": "google_artifact_registry_repository",
      "name": "artifact_registry",
      "provider": "provider[\"registry.terraform.io/hashicorp/google\"]",
      "instances": [
        {
          "schema_version": 0,
          "attributes": {
            "cleanup_policies": [],
            "cleanup_policy_dry_run": false,
            "create_time": "2025-01-29T13:45:40.866148Z",
            "description": "rockstart",
            "docker_config": [],
            "effective_labels": {},
            "format": "DOCKER",
            "id": "projects/rockstart-449313/locations/us-central1/repositories/rockstart",
            "kms_key_name": "",
            "labels": {},
            "location": "us-central1",
            "maven_config": [],
            "mode": "STANDARD_REPOSITORY",
            "name": "rockstart",
            "project": "rockstart-449313",
            "remote_repository_config": [],
            "repository_id": "rockstart",
            "terraform_labels": {},
            "timeouts": null,
            "update_time": "2025-01-29T15:26:21.552930Z",
            "virtual_repository_config": []
          },
          "sensitive_attributes": [],
          "private": "eyJlMmJmYjczMC1lY2FhLTExZTYtOGY4OC0zNDM2M2JjN2M0YzAiOnsiY3JlYXRlIjoxMjAwMDAwMDAwMDAwLCJkZWxldGUiOjEyMDAwMDAwMDAwMDAsInVwZGF0ZSI6MTIwMDAwMDAwMDAwMH19"
        }
      ]
    },
    {
      "mode": "managed",
      "type": "google_cloud_run_service",
      "name": "backend",
      "provider": "provider[\"registry.terraform.io/hashicorp/google\"]",
      "instances": [
        {
          "schema_version": 2,
          "attributes": {
            "autogenerate_revision_name": false,
            "id": "locations/us-central1/namespaces/rockstart-449313/services/rockstart-cloudrun-backend",
            "location": "us-central1",
            "metadata": [
              {
                "annotations": {
                  "run.googleapis.com/client-name": "terraform"
                },
                "effective_annotations": {
                  "run.googleapis.com/client-name": "terraform",
                  "run.googleapis.com/ingress": "all",
                  "run.googleapis.com/ingress-status": "all",
                  "run.googleapis.com/operation-id": "9c3442d6-c66a-4fa1-95d5-cc603bce307c",
                  "run.googleapis.com/urls": "[\"https://rockstart-cloudrun-backend-628776897840.us-central1.run.app\",\"https://rockstart-cloudrun-backend-nttw74lvlq-uc.a.run.app\"]",
                  "serving.knative.dev/creator": "yusuke.iritani0909@gmail.com",
                  "serving.knative.dev/lastModifier": "yusuke.iritani0909@gmail.com"
                },
                "effective_labels": {
                  "cloud.googleapis.com/location": "us-central1"
                },
                "generation": 12,
                "labels": {},
                "namespace": "rockstart-449313",
                "resource_version": "AAYs2gkzAPg",
                "self_link": "/apis/serving.knative.dev/v1/namespaces/628776897840/services/rockstart-cloudrun-backend",
                "terraform_labels": {},
                "uid": "c2112937-80dd-4e4a-a681-1f186d26ccfd"
              }
            ],
            "name": "rockstart-cloudrun-backend",
            "project": "rockstart-449313",
            "status": [
              {
                "conditions": [
                  {
                    "message": "",
                    "reason": "",
                    "status": "True",
                    "type": "Ready"
                  },
                  {
                    "message": "",
                    "reason": "",
                    "status": "True",
                    "type": "ConfigurationsReady"
                  },
                  {
                    "message": "",
                    "reason": "",
                    "status": "True",
                    "type": "RoutesReady"
                  }
                ],
                "latest_created_revision_name": "rockstart-cloudrun-backend-00012-trm",
                "latest_ready_revision_name": "rockstart-cloudrun-backend-00012-trm",
                "observed_generation": 12,
                "traffic": [
                  {
                    "latest_revision": true,
                    "percent": 100,
                    "revision_name": "rockstart-cloudrun-backend-00012-trm",
                    "tag": "",
                    "url": ""
                  }
                ],
                "url": "https://rockstart-cloudrun-backend-nttw74lvlq-uc.a.run.app"
              }
            ],
            "template": [
              {
                "metadata": [
                  {
                    "annotations": {
                      "autoscaling.knative.dev/maxScale": "100",
                      "run.googleapis.com/client-name": "cloud-console",
                      "run.googleapis.com/startup-cpu-boost": "false"
                    },
                    "generation": 0,
                    "labels": {
                      "client.knative.dev/nonce": "b525aa87-605d-47f5-9fed-8225c53f5994",
                      "run.googleapis.com/startupProbeType": "Default"
                    },
                    "name": "",
                    "namespace": "",
                    "resource_version": "",
                    "self_link": "",
                    "uid": ""
                  }
                ],
                "spec": [
                  {
                    "container_concurrency": 80,
                    "containers": [
                      {
                        "args": [],
                        "command": [],
                        "env": [],
                        "env_from": [],
                        "image": "gcr.io/cloudrun/hello",
                        "liveness_probe": [],
                        "name": "backend-1",
                        "ports": [
                          {
                            "container_port": 50051,
                            "name": "http1",
                            "protocol": ""
                          }
                        ],
                        "resources": [
                          {
                            "limits": {
                              "cpu": "1000m",
                              "memory": "512Mi"
                            },
                            "requests": {}
                          }
                        ],
                        "startup_probe": [
                          {
                            "failure_threshold": 1,
                            "grpc": [],
                            "http_get": [],
                            "initial_delay_seconds": 0,
                            "period_seconds": 240,
                            "tcp_socket": [
                              {
                                "port": 50051
                              }
                            ],
                            "timeout_seconds": 240
                          }
                        ],
                        "volume_mounts": [],
                        "working_dir": ""
                      }
                    ],
                    "service_account_name": "cloudrun-sa@rockstart-449313.iam.gserviceaccount.com",
                    "serving_state": "",
                    "timeout_seconds": 300,
                    "volumes": []
                  }
                ]
              }
            ],
            "timeouts": null,
            "traffic": [
              {
                "latest_revision": true,
                "percent": 100,
                "revision_name": "",
                "tag": "",
                "url": ""
              }
            ]
          },
          "sensitive_attributes": [],
          "private": "eyJlMmJmYjczMC1lY2FhLTExZTYtOGY4OC0zNDM2M2JjN2M0YzAiOnsiY3JlYXRlIjoxMjAwMDAwMDAwMDAwLCJkZWxldGUiOjEyMDAwMDAwMDAwMDAsInVwZGF0ZSI6MTIwMDAwMDAwMDAwMH0sInNjaGVtYV92ZXJzaW9uIjoiMiJ9",
          "dependencies": [
            "google_project_service.cloud_run_api",
            "google_service_account.cloudrun_service_account"
          ]
        }
      ]
    },
    {
      "mode": "managed",
      "type": "google_cloud_run_service_iam_policy",
      "name": "noauth-backend",
      "provider": "provider[\"registry.terraform.io/hashicorp/google\"]",
      "instances": [
        {
          "schema_version": 0,
          "attributes": {
            "etag": "BwYs2LfM8po=",
            "id": "v1/projects/rockstart-449313/locations/us-central1/services/rockstart-cloudrun-backend",
            "location": "us-central1",
            "policy_data": "{\"bindings\":[{\"members\":[\"allUsers\"],\"role\":\"roles/run.invoker\"}]}",
            "project": "rockstart-449313",
            "service": "v1/projects/rockstart-449313/locations/us-central1/services/rockstart-cloudrun-backend"
          },
          "sensitive_attributes": [],
          "private": "bnVsbA==",
          "dependencies": [
            "data.google_iam_policy.noauth",
            "google_cloud_run_service.backend",
            "google_project_service.cloud_run_api",
            "google_service_account.cloudrun_service_account"
          ]
        }
      ]
    },
    {
      "mode": "managed",
      "type": "google_cloudbuild_trigger",
      "name": "backend",
      "provider": "provider[\"registry.terraform.io/hashicorp/google\"]",
      "instances": [
        {
          "schema_version": 2,
          "attributes": {
            "approval_config": [
              {
                "approval_required": false
              }
            ],
            "bitbucket_server_trigger_config": [],
            "build": [],
            "create_time": "2025-01-29T13:47:17.955598456Z",
            "description": "",
            "disabled": false,
            "filename": "cloudbuild.yaml",
            "filter": "",
            "git_file_source": [],
            "github": [
              {
                "enterprise_config_resource_name": "",
                "name": "rockstart",
                "owner": "yiritani",
                "pull_request": [],
                "push": [
                  {
                    "branch": "master",
                    "invert_regex": false,
                    "tag": ""
                  }
                ]
              }
            ],
            "id": "projects/rockstart-449313/triggers/52a08ac2-6967-4915-8db9-ac551df3d8e6",
            "ignored_files": [],
            "include_build_logs": "",
            "included_files": [],
            "location": "global",
            "name": "rockstart-cloudbuild-trigger-backend",
            "project": "rockstart-449313",
            "pubsub_config": [],
            "repository_event_config": [],
            "service_account": "projects/rockstart-449313/serviceAccounts/cloudbuild-sa@rockstart-449313.iam.gserviceaccount.com",
            "source_to_build": [],
            "substitutions": {
              "_CLOUD_RUN_SERVICE": "rockstart-cloudrun-backend",
              "_CLOUD_RUN_SERVICE_ACCOUNT": "cloudrun-sa@rockstart-449313.iam.gserviceaccount.com",
              "_DOCKERFILE": "apps/backend/Dockerfile",
              "_IMAGE": "us-central1-docker.pkg.dev/rockstart-449313/rockstart/backend",
              "_REGION": "us-central1",
              "_REPO": "rockstart",
              "_SERVICE": "rockstart"
            },
            "tags": [],
            "timeouts": null,
            "trigger_id": "52a08ac2-6967-4915-8db9-ac551df3d8e6",
            "trigger_template": [],
            "webhook_config": []
          },
          "sensitive_attributes": [],
          "private": "eyJlMmJmYjczMC1lY2FhLTExZTYtOGY4OC0zNDM2M2JjN2M0YzAiOnsiY3JlYXRlIjoxMjAwMDAwMDAwMDAwLCJkZWxldGUiOjEyMDAwMDAwMDAwMDAsInVwZGF0ZSI6MTIwMDAwMDAwMDAwMH0sInNjaGVtYV92ZXJzaW9uIjoiMiJ9",
          "dependencies": [
            "google_cloud_run_service.backend",
            "google_project_service.cloud_build_api",
            "google_project_service.cloud_run_api",
            "google_service_account.cloudbuild_service_account",
            "google_service_account.cloudrun_service_account"
          ]
        }
      ]
    },
    {
      "mode": "managed",
      "type": "google_project_iam_binding",
      "name": "cloud_run_admin",
      "provider": "provider[\"registry.terraform.io/hashicorp/google\"]",
      "instances": [
        {
          "schema_version": 0,
          "attributes": {
            "condition": [],
            "etag": "BwYs2Id128Y=",
            "id": "rockstart-449313/roles/run.admin",
            "members": [
              "serviceAccount:cloudrun-sa@rockstart-449313.iam.gserviceaccount.com"
            ],
            "project": "rockstart-449313",
            "role": "roles/run.admin"
          },
          "sensitive_attributes": [],
          "private": "bnVsbA==",
          "dependencies": [
            "google_service_account.cloudrun_service_account"
          ]
        }
      ]
    },
    {
      "mode": "managed",
      "type": "google_project_iam_binding",
      "name": "service_account_user",
      "provider": "provider[\"registry.terraform.io/hashicorp/google\"]",
      "instances": [
        {
          "schema_version": 0,
          "attributes": {
            "condition": [],
            "etag": "BwYs2Id128Y=",
            "id": "rockstart-449313/roles/iam.serviceAccountUser",
            "members": [
              "serviceAccount:cloudrun-sa@rockstart-449313.iam.gserviceaccount.com"
            ],
            "project": "rockstart-449313",
            "role": "roles/iam.serviceAccountUser"
          },
          "sensitive_attributes": [],
          "private": "bnVsbA==",
          "dependencies": [
            "google_service_account.cloudrun_service_account"
          ]
        }
      ]
    },
    {
      "mode": "managed",
      "type": "google_project_iam_member",
      "name": "artifact_registry_reader",
      "provider": "provider[\"registry.terraform.io/hashicorp/google\"]",
      "instances": [
        {
          "schema_version": 0,
          "attributes": {
            "condition": [],
            "etag": "BwYs2Id128Y=",
            "id": "rockstart-449313/roles/artifactregistry.reader/serviceAccount:cloudbuild-sa@rockstart-449313.iam.gserviceaccount.com",
            "member": "serviceAccount:cloudbuild-sa@rockstart-449313.iam.gserviceaccount.com",
            "project": "rockstart-449313",
            "role": "roles/artifactregistry.reader"
          },
          "sensitive_attributes": [],
          "private": "bnVsbA==",
          "dependencies": [
            "google_service_account.cloudbuild_service_account"
          ]
        }
      ]
    },
    {
      "mode": "managed",
      "type": "google_project_iam_member",
      "name": "artifact_registry_writer",
      "provider": "provider[\"registry.terraform.io/hashicorp/google\"]",
      "instances": [
        {
          "schema_version": 0,
          "attributes": {
            "condition": [],
            "etag": "BwYs2Id128Y=",
            "id": "rockstart-449313/roles/artifactregistry.writer/serviceAccount:cloudbuild-sa@rockstart-449313.iam.gserviceaccount.com",
            "member": "serviceAccount:cloudbuild-sa@rockstart-449313.iam.gserviceaccount.com",
            "project": "rockstart-449313",
            "role": "roles/artifactregistry.writer"
          },
          "sensitive_attributes": [],
          "private": "bnVsbA==",
          "dependencies": [
            "google_service_account.cloudbuild_service_account"
          ]
        }
      ]
    },
    {
      "mode": "managed",
      "type": "google_project_iam_member",
      "name": "cloud_run_developer",
      "provider": "provider[\"registry.terraform.io/hashicorp/google\"]",
      "instances": [
        {
          "schema_version": 0,
          "attributes": {
            "condition": [],
            "etag": "BwYs2Id128Y=",
            "id": "rockstart-449313/roles/run.developer/serviceAccount:cloudbuild-sa@rockstart-449313.iam.gserviceaccount.com",
            "member": "serviceAccount:cloudbuild-sa@rockstart-449313.iam.gserviceaccount.com",
            "project": "rockstart-449313",
            "role": "roles/run.developer"
          },
          "sensitive_attributes": [],
          "private": "bnVsbA==",
          "dependencies": [
            "google_service_account.cloudbuild_service_account"
          ]
        }
      ]
    },
    {
      "mode": "managed",
      "type": "google_project_iam_member",
      "name": "logs_logging_writer",
      "provider": "provider[\"registry.terraform.io/hashicorp/google\"]",
      "instances": [
        {
          "schema_version": 0,
          "attributes": {
            "condition": [],
            "etag": "BwYs2Id128Y=",
            "id": "rockstart-449313/roles/logging.logWriter/serviceAccount:cloudbuild-sa@rockstart-449313.iam.gserviceaccount.com",
            "member": "serviceAccount:cloudbuild-sa@rockstart-449313.iam.gserviceaccount.com",
            "project": "rockstart-449313",
            "role": "roles/logging.logWriter"
          },
          "sensitive_attributes": [],
          "private": "bnVsbA==",
          "dependencies": [
            "google_service_account.cloudbuild_service_account"
          ]
        }
      ]
    },
    {
      "mode": "managed",
      "type": "google_project_service",
      "name": "api_gateway_api",
      "provider": "provider[\"registry.terraform.io/hashicorp/google\"]",
      "instances": [
        {
          "schema_version": 0,
          "attributes": {
            "disable_dependent_services": null,
            "disable_on_destroy": false,
            "id": "rockstart-449313/apigateway.googleapis.com",
            "project": "rockstart-449313",
            "service": "apigateway.googleapis.com",
            "timeouts": null
          },
          "sensitive_attributes": [],
          "private": "eyJlMmJmYjczMC1lY2FhLTExZTYtOGY4OC0zNDM2M2JjN2M0YzAiOnsiY3JlYXRlIjoxMjAwMDAwMDAwMDAwLCJkZWxldGUiOjEyMDAwMDAwMDAwMDAsInJlYWQiOjYwMDAwMDAwMDAwMCwidXBkYXRlIjoxMjAwMDAwMDAwMDAwfX0="
        }
      ]
    },
    {
      "mode": "managed",
      "type": "google_project_service",
      "name": "cloud_build_api",
      "provider": "provider[\"registry.terraform.io/hashicorp/google\"]",
      "instances": [
        {
          "schema_version": 0,
          "attributes": {
            "disable_dependent_services": null,
            "disable_on_destroy": false,
            "id": "rockstart-449313/cloudbuild.googleapis.com",
            "project": "rockstart-449313",
            "service": "cloudbuild.googleapis.com",
            "timeouts": null
          },
          "sensitive_attributes": [],
          "private": "eyJlMmJmYjczMC1lY2FhLTExZTYtOGY4OC0zNDM2M2JjN2M0YzAiOnsiY3JlYXRlIjoxMjAwMDAwMDAwMDAwLCJkZWxldGUiOjEyMDAwMDAwMDAwMDAsInJlYWQiOjYwMDAwMDAwMDAwMCwidXBkYXRlIjoxMjAwMDAwMDAwMDAwfX0="
        }
      ]
    },
    {
      "mode": "managed",
      "type": "google_project_service",
      "name": "cloud_run_api",
      "provider": "provider[\"registry.terraform.io/hashicorp/google\"]",
      "instances": [
        {
          "schema_version": 0,
          "attributes": {
            "disable_dependent_services": null,
            "disable_on_destroy": false,
            "id": "rockstart-449313/run.googleapis.com",
            "project": "rockstart-449313",
            "service": "run.googleapis.com",
            "timeouts": null
          },
          "sensitive_attributes": [],
          "private": "eyJlMmJmYjczMC1lY2FhLTExZTYtOGY4OC0zNDM2M2JjN2M0YzAiOnsiY3JlYXRlIjoxMjAwMDAwMDAwMDAwLCJkZWxldGUiOjEyMDAwMDAwMDAwMDAsInJlYWQiOjYwMDAwMDAwMDAwMCwidXBkYXRlIjoxMjAwMDAwMDAwMDAwfX0="
        }
      ]
    },
    {
      "mode": "managed",
      "type": "google_project_service",
      "name": "enable_iam_credentials_api",
      "provider": "provider[\"registry.terraform.io/hashicorp/google\"]",
      "instances": [
        {
          "schema_version": 0,
          "attributes": {
            "disable_dependent_services": true,
            "disable_on_destroy": true,
            "id": "rockstart-449313/iamcredentials.googleapis.com",
            "project": "rockstart-449313",
            "service": "iamcredentials.googleapis.com",
            "timeouts": null
          },
          "sensitive_attributes": [],
          "private": "eyJlMmJmYjczMC1lY2FhLTExZTYtOGY4OC0zNDM2M2JjN2M0YzAiOnsiY3JlYXRlIjoxMjAwMDAwMDAwMDAwLCJkZWxldGUiOjEyMDAwMDAwMDAwMDAsInJlYWQiOjYwMDAwMDAwMDAwMCwidXBkYXRlIjoxMjAwMDAwMDAwMDAwfX0="
        }
      ]
    },
    {
      "mode": "managed",
      "type": "google_service_account",
      "name": "api_gateway_service_account",
      "provider": "provider[\"registry.terraform.io/hashicorp/google\"]",
      "instances": [
        {
          "schema_version": 0,
          "attributes": {
            "account_id": "api-gateway-sa",
            "create_ignore_already_exists": null,
            "description": "API gateway service account",
            "disabled": false,
            "display_name": "api-gateway-sa",
            "email": "api-gateway-sa@rockstart-449313.iam.gserviceaccount.com",
            "id": "projects/rockstart-449313/serviceAccounts/api-gateway-sa@rockstart-449313.iam.gserviceaccount.com",
            "member": "serviceAccount:api-gateway-sa@rockstart-449313.iam.gserviceaccount.com",
            "name": "projects/rockstart-449313/serviceAccounts/api-gateway-sa@rockstart-449313.iam.gserviceaccount.com",
            "project": "rockstart-449313",
            "timeouts": null,
            "unique_id": "101176107998550684137"
          },
          "sensitive_attributes": [],
          "private": "eyJlMmJmYjczMC1lY2FhLTExZTYtOGY4OC0zNDM2M2JjN2M0YzAiOnsiY3JlYXRlIjozMDAwMDAwMDAwMDB9fQ=="
        }
      ]
    },
    {
      "mode": "managed",
      "type": "google_service_account",
      "name": "cloudbuild_service_account",
      "provider": "provider[\"registry.terraform.io/hashicorp/google\"]",
      "instances": [
        {
          "schema_version": 0,
          "attributes": {
            "account_id": "cloudbuild-sa",
            "create_ignore_already_exists": null,
            "description": "Cloud build service account",
            "disabled": false,
            "display_name": "cloudbuild-sa",
            "email": "cloudbuild-sa@rockstart-449313.iam.gserviceaccount.com",
            "id": "projects/rockstart-449313/serviceAccounts/cloudbuild-sa@rockstart-449313.iam.gserviceaccount.com",
            "member": "serviceAccount:cloudbuild-sa@rockstart-449313.iam.gserviceaccount.com",
            "name": "projects/rockstart-449313/serviceAccounts/cloudbuild-sa@rockstart-449313.iam.gserviceaccount.com",
            "project": "rockstart-449313",
            "timeouts": null,
            "unique_id": "106507571179700758087"
          },
          "sensitive_attributes": [],
          "private": "eyJlMmJmYjczMC1lY2FhLTExZTYtOGY4OC0zNDM2M2JjN2M0YzAiOnsiY3JlYXRlIjozMDAwMDAwMDAwMDB9fQ=="
        }
      ]
    },
    {
      "mode": "managed",
      "type": "google_service_account",
      "name": "cloudrun_service_account",
      "provider": "provider[\"registry.terraform.io/hashicorp/google\"]",
      "instances": [
        {
          "schema_version": 0,
          "attributes": {
            "account_id": "cloudrun-sa",
            "create_ignore_already_exists": null,
            "description": "Cloud run service account",
            "disabled": false,
            "display_name": "cloudrun-sa",
            "email": "cloudrun-sa@rockstart-449313.iam.gserviceaccount.com",
            "id": "projects/rockstart-449313/serviceAccounts/cloudrun-sa@rockstart-449313.iam.gserviceaccount.com",
            "member": "serviceAccount:cloudrun-sa@rockstart-449313.iam.gserviceaccount.com",
            "name": "projects/rockstart-449313/serviceAccounts/cloudrun-sa@rockstart-449313.iam.gserviceaccount.com",
            "project": "rockstart-449313",
            "timeouts": null,
            "unique_id": "108304988993963823044"
          },
          "sensitive_attributes": [],
          "private": "eyJlMmJmYjczMC1lY2FhLTExZTYtOGY4OC0zNDM2M2JjN2M0YzAiOnsiY3JlYXRlIjozMDAwMDAwMDAwMDB9fQ=="
        }
      ]
    },
    {
      "mode": "managed",
      "type": "google_service_account_iam_member",
      "name": "cloudrun_service_account_user",
      "provider": "provider[\"registry.terraform.io/hashicorp/google\"]",
      "instances": [
        {
          "schema_version": 0,
          "attributes": {
            "condition": [],
            "etag": "BwYs2Ia7ob4=",
            "id": "projects/rockstart-449313/serviceAccounts/cloudrun-sa@rockstart-449313.iam.gserviceaccount.com/roles/iam.serviceAccountUser/serviceAccount:cloudbuild-sa@rockstart-449313.iam.gserviceaccount.com",
            "member": "serviceAccount:cloudbuild-sa@rockstart-449313.iam.gserviceaccount.com",
            "role": "roles/iam.serviceAccountUser",
            "service_account_id": "projects/rockstart-449313/serviceAccounts/cloudrun-sa@rockstart-449313.iam.gserviceaccount.com"
          },
          "sensitive_attributes": [],
          "private": "bnVsbA==",
          "dependencies": [
            "google_service_account.cloudbuild_service_account",
            "google_service_account.cloudrun_service_account"
          ]
        }
      ]
    }
  ],
  "check_results": null
}
